// !$*UTF8*$!
{
	archiveVersion = 1;
	classes = {
	};
	objectVersion = 50;
	objects = {

/* Begin PBXBuildFile section */
		381EF551269CFC9C0018D231 /* TabBar.swift in Sources */ = {isa = PBXBuildFile; fileRef = 381EF550269CFC9C0018D231 /* TabBar.swift */; };
		38557F5226A266E1004CAB3B /* LibraryContent.swift in Sources */ = {isa = PBXBuildFile; fileRef = 38557F5126A266E1004CAB3B /* LibraryContent.swift */; };
		38557F5326A266E1004CAB3B /* LibraryContent.swift in Sources */ = {isa = PBXBuildFile; fileRef = 38557F5126A266E1004CAB3B /* LibraryContent.swift */; };
		3867127F269D048B00700B15 /* CourseSectionDetail.swift in Sources */ = {isa = PBXBuildFile; fileRef = 3867127E269D048B00700B15 /* CourseSectionDetail.swift */; };
		38671280269D048B00700B15 /* CourseSectionDetail.swift in Sources */ = {isa = PBXBuildFile; fileRef = 3867127E269D048B00700B15 /* CourseSectionDetail.swift */; };
		386FBF54269BBBDF00F8A8BC /* Course.swift in Sources */ = {isa = PBXBuildFile; fileRef = 386FBF53269BBBDF00F8A8BC /* Course.swift */; };
		386FBF55269BBBDF00F8A8BC /* Course.swift in Sources */ = {isa = PBXBuildFile; fileRef = 386FBF53269BBBDF00F8A8BC /* Course.swift */; };
		386FBF58269BF7D200F8A8BC /* CloseButton.swift in Sources */ = {isa = PBXBuildFile; fileRef = 386FBF57269BF7D200F8A8BC /* CloseButton.swift */; };
		386FBF59269BF7D200F8A8BC /* CloseButton.swift in Sources */ = {isa = PBXBuildFile; fileRef = 386FBF57269BF7D200F8A8BC /* CloseButton.swift */; };
		386FBF5B269BFE5800F8A8BC /* CourseDetail.swift in Sources */ = {isa = PBXBuildFile; fileRef = 386FBF5A269BFE5800F8A8BC /* CourseDetail.swift */; };
		386FBF5C269BFE5800F8A8BC /* CourseDetail.swift in Sources */ = {isa = PBXBuildFile; fileRef = 386FBF5A269BFE5800F8A8BC /* CourseDetail.swift */; };
		386FBF64269BFFE000F8A8BC /* TutorialSection.swift in Sources */ = {isa = PBXBuildFile; fileRef = 386FBF5D269BFFDF00F8A8BC /* TutorialSection.swift */; };
		386FBF65269BFFE000F8A8BC /* TutorialSection.swift in Sources */ = {isa = PBXBuildFile; fileRef = 386FBF5D269BFFDF00F8A8BC /* TutorialSection.swift */; };
		386FBF66269BFFE000F8A8BC /* Download.swift in Sources */ = {isa = PBXBuildFile; fileRef = 386FBF5E269BFFDF00F8A8BC /* Download.swift */; };
		386FBF67269BFFE000F8A8BC /* Download.swift in Sources */ = {isa = PBXBuildFile; fileRef = 386FBF5E269BFFDF00F8A8BC /* Download.swift */; };
		386FBF68269BFFE000F8A8BC /* CourseSection.swift in Sources */ = {isa = PBXBuildFile; fileRef = 386FBF5F269BFFDF00F8A8BC /* CourseSection.swift */; };
		386FBF69269BFFE000F8A8BC /* CourseSection.swift in Sources */ = {isa = PBXBuildFile; fileRef = 386FBF5F269BFFDF00F8A8BC /* CourseSection.swift */; };
		386FBF6A269BFFE000F8A8BC /* Tutorial.swift in Sources */ = {isa = PBXBuildFile; fileRef = 386FBF60269BFFDF00F8A8BC /* Tutorial.swift */; };
		386FBF6B269BFFE000F8A8BC /* Tutorial.swift in Sources */ = {isa = PBXBuildFile; fileRef = 386FBF60269BFFDF00F8A8BC /* Tutorial.swift */; };
		386FBF6C269BFFE000F8A8BC /* GradientModel.swift in Sources */ = {isa = PBXBuildFile; fileRef = 386FBF61269BFFDF00F8A8BC /* GradientModel.swift */; };
		386FBF6D269BFFE000F8A8BC /* GradientModel.swift in Sources */ = {isa = PBXBuildFile; fileRef = 386FBF61269BFFDF00F8A8BC /* GradientModel.swift */; };
		386FBF6E269BFFE000F8A8BC /* Livestream.swift in Sources */ = {isa = PBXBuildFile; fileRef = 386FBF62269BFFDF00F8A8BC /* Livestream.swift */; };
		386FBF6F269BFFE000F8A8BC /* Livestream.swift in Sources */ = {isa = PBXBuildFile; fileRef = 386FBF62269BFFDF00F8A8BC /* Livestream.swift */; };
		386FBF70269BFFE000F8A8BC /* LivestreamSection.swift in Sources */ = {isa = PBXBuildFile; fileRef = 386FBF63269BFFE000F8A8BC /* LivestreamSection.swift */; };
		386FBF71269BFFE000F8A8BC /* LivestreamSection.swift in Sources */ = {isa = PBXBuildFile; fileRef = 386FBF63269BFFE000F8A8BC /* LivestreamSection.swift */; };
		386FBF73269C02A300F8A8BC /* VisualEffectBlur.swift in Sources */ = {isa = PBXBuildFile; fileRef = 386FBF72269C02A300F8A8BC /* VisualEffectBlur.swift */; };
		386FBF75269C02B000F8A8BC /* VisualEffectBlur.swift in Sources */ = {isa = PBXBuildFile; fileRef = 386FBF74269C02B000F8A8BC /* VisualEffectBlur.swift */; };
		38922D5226A28A4600DAA97C /* WidgetKit.framework in Frameworks */ = {isa = PBXBuildFile; fileRef = 38922D5126A28A4600DAA97C /* WidgetKit.framework */; };
		38922D5426A28A4600DAA97C /* SwiftUI.framework in Frameworks */ = {isa = PBXBuildFile; fileRef = 38922D5326A28A4600DAA97C /* SwiftUI.framework */; };
		38922D5726A28A4600DAA97C /* DesignCodeWidget.swift in Sources */ = {isa = PBXBuildFile; fileRef = 38922D5626A28A4600DAA97C /* DesignCodeWidget.swift */; };
		38922D5A26A28A4700DAA97C /* Assets.xcassets in Resources */ = {isa = PBXBuildFile; fileRef = 38922D5926A28A4700DAA97C /* Assets.xcassets */; };
		38922D5C26A28A4700DAA97C /* DesignCodeWidget.intentdefinition in Sources */ = {isa = PBXBuildFile; fileRef = 38922D5826A28A4600DAA97C /* DesignCodeWidget.intentdefinition */; };
		38922D5D26A28A4700DAA97C /* DesignCodeWidget.intentdefinition in Sources */ = {isa = PBXBuildFile; fileRef = 38922D5826A28A4600DAA97C /* DesignCodeWidget.intentdefinition */; };
		38922D6026A28A4700DAA97C /* DesignCodeWidgetExtension.appex in Embed App Extensions */ = {isa = PBXBuildFile; fileRef = 38922D4F26A28A4600DAA97C /* DesignCodeWidgetExtension.appex */; settings = {ATTRIBUTES = (RemoveHeadersOnCopy, ); }; };
		38922D6526A28DA400DAA97C /* CourseRow.swift in Sources */ = {isa = PBXBuildFile; fileRef = 38B93796269A5EBA0036A609 /* CourseRow.swift */; };
		38922D6626A28DBE00DAA97C /* CourseSection.swift in Sources */ = {isa = PBXBuildFile; fileRef = 386FBF5F269BFFDF00F8A8BC /* CourseSection.swift */; };
		38922D6726A28DCC00DAA97C /* Assets.xcassets in Resources */ = {isa = PBXBuildFile; fileRef = 38FF8BB9269A551F00B5D500 /* Assets.xcassets */; };
		38B93797269A5EBA0036A609 /* CourseRow.swift in Sources */ = {isa = PBXBuildFile; fileRef = 38B93796269A5EBA0036A609 /* CourseRow.swift */; };
		38B93798269A5EBA0036A609 /* CourseRow.swift in Sources */ = {isa = PBXBuildFile; fileRef = 38B93796269A5EBA0036A609 /* CourseRow.swift */; };
		38B9379A269A61AD0036A609 /* CoursesView.swift in Sources */ = {isa = PBXBuildFile; fileRef = 38B93799269A61AD0036A609 /* CoursesView.swift */; };
		38B9379B269A61AD0036A609 /* CoursesView.swift in Sources */ = {isa = PBXBuildFile; fileRef = 38B93799269A61AD0036A609 /* CoursesView.swift */; };
		38B9379D269A64040036A609 /* SideBar.swift in Sources */ = {isa = PBXBuildFile; fileRef = 38B9379C269A64040036A609 /* SideBar.swift */; };
		38B9379E269A64040036A609 /* SideBar.swift in Sources */ = {isa = PBXBuildFile; fileRef = 38B9379C269A64040036A609 /* SideBar.swift */; };
		38C8BFC2269BB1EA00616619 /* CourseItem.swift in Sources */ = {isa = PBXBuildFile; fileRef = 38C8BFC1269BB1EA00616619 /* CourseItem.swift */; };
		38C8BFC3269BB1EA00616619 /* CourseItem.swift in Sources */ = {isa = PBXBuildFile; fileRef = 38C8BFC1269BB1EA00616619 /* CourseItem.swift */; };
		38C8BFC7269BB36600616619 /* CourseList.swift in Sources */ = {isa = PBXBuildFile; fileRef = 38C8BFC6269BB36600616619 /* CourseList.swift */; };
		38C8BFC8269BB36600616619 /* CourseList.swift in Sources */ = {isa = PBXBuildFile; fileRef = 38C8BFC6269BB36600616619 /* CourseList.swift */; };
		38FF8BD3269A551F00B5D500 /* Tests_iOS.swift in Sources */ = {isa = PBXBuildFile; fileRef = 38FF8BD2269A551F00B5D500 /* Tests_iOS.swift */; };
		38FF8BDE269A551F00B5D500 /* Tests_macOS.swift in Sources */ = {isa = PBXBuildFile; fileRef = 38FF8BDD269A551F00B5D500 /* Tests_macOS.swift */; };
		38FF8BE0269A551F00B5D500 /* DesignCodeCourseApp.swift in Sources */ = {isa = PBXBuildFile; fileRef = 38FF8BB7269A551E00B5D500 /* DesignCodeCourseApp.swift */; };
		38FF8BE1269A551F00B5D500 /* DesignCodeCourseApp.swift in Sources */ = {isa = PBXBuildFile; fileRef = 38FF8BB7269A551E00B5D500 /* DesignCodeCourseApp.swift */; };
		38FF8BE2269A551F00B5D500 /* ContentView.swift in Sources */ = {isa = PBXBuildFile; fileRef = 38FF8BB8269A551E00B5D500 /* ContentView.swift */; };
		38FF8BE3269A551F00B5D500 /* ContentView.swift in Sources */ = {isa = PBXBuildFile; fileRef = 38FF8BB8269A551E00B5D500 /* ContentView.swift */; };
		38FF8BE4269A551F00B5D500 /* Assets.xcassets in Resources */ = {isa = PBXBuildFile; fileRef = 38FF8BB9269A551F00B5D500 /* Assets.xcassets */; };
		38FF8BE5269A551F00B5D500 /* Assets.xcassets in Resources */ = {isa = PBXBuildFile; fileRef = 38FF8BB9269A551F00B5D500 /* Assets.xcassets */; };
/* End PBXBuildFile section */

/* Begin PBXContainerItemProxy section */
		38922D5E26A28A4700DAA97C /* PBXContainerItemProxy */ = {
			isa = PBXContainerItemProxy;
			containerPortal = 38FF8BB2269A551E00B5D500 /* Project object */;
			proxyType = 1;
			remoteGlobalIDString = 38922D4E26A28A4600DAA97C;
			remoteInfo = DesignCodeWidgetExtension;
		};
		38FF8BCF269A551F00B5D500 /* PBXContainerItemProxy */ = {
			isa = PBXContainerItemProxy;
			containerPortal = 38FF8BB2269A551E00B5D500 /* Project object */;
			proxyType = 1;
			remoteGlobalIDString = 38FF8BBD269A551F00B5D500;
			remoteInfo = "DesignCodeCourse (iOS)";
		};
		38FF8BDA269A551F00B5D500 /* PBXContainerItemProxy */ = {
			isa = PBXContainerItemProxy;
			containerPortal = 38FF8BB2269A551E00B5D500 /* Project object */;
			proxyType = 1;
			remoteGlobalIDString = 38FF8BC5269A551F00B5D500;
			remoteInfo = "DesignCodeCourse (macOS)";
		};
/* End PBXContainerItemProxy section */

/* Begin PBXCopyFilesBuildPhase section */
		38922D6426A28A4700DAA97C /* Embed App Extensions */ = {
			isa = PBXCopyFilesBuildPhase;
			buildActionMask = 2147483647;
			dstPath = "";
			dstSubfolderSpec = 13;
			files = (
				38922D6026A28A4700DAA97C /* DesignCodeWidgetExtension.appex in Embed App Extensions */,
			);
			name = "Embed App Extensions";
			runOnlyForDeploymentPostprocessing = 0;
		};
/* End PBXCopyFilesBuildPhase section */

/* Begin PBXFileReference section */
		381EF550269CFC9C0018D231 /* TabBar.swift */ = {isa = PBXFileReference; lastKnownFileType = sourcecode.swift; path = TabBar.swift; sourceTree = "<group>"; };
		38557F5126A266E1004CAB3B /* LibraryContent.swift */ = {isa = PBXFileReference; lastKnownFileType = sourcecode.swift; path = LibraryContent.swift; sourceTree = "<group>"; };
		3867127E269D048B00700B15 /* CourseSectionDetail.swift */ = {isa = PBXFileReference; lastKnownFileType = sourcecode.swift; path = CourseSectionDetail.swift; sourceTree = "<group>"; };
		386FBF53269BBBDF00F8A8BC /* Course.swift */ = {isa = PBXFileReference; lastKnownFileType = sourcecode.swift; path = Course.swift; sourceTree = "<group>"; };
		386FBF57269BF7D200F8A8BC /* CloseButton.swift */ = {isa = PBXFileReference; lastKnownFileType = sourcecode.swift; path = CloseButton.swift; sourceTree = "<group>"; };
		386FBF5A269BFE5800F8A8BC /* CourseDetail.swift */ = {isa = PBXFileReference; lastKnownFileType = sourcecode.swift; path = CourseDetail.swift; sourceTree = "<group>"; };
		386FBF5D269BFFDF00F8A8BC /* TutorialSection.swift */ = {isa = PBXFileReference; fileEncoding = 4; lastKnownFileType = sourcecode.swift; path = TutorialSection.swift; sourceTree = "<group>"; };
		386FBF5E269BFFDF00F8A8BC /* Download.swift */ = {isa = PBXFileReference; fileEncoding = 4; lastKnownFileType = sourcecode.swift; path = Download.swift; sourceTree = "<group>"; };
		386FBF5F269BFFDF00F8A8BC /* CourseSection.swift */ = {isa = PBXFileReference; fileEncoding = 4; lastKnownFileType = sourcecode.swift; path = CourseSection.swift; sourceTree = "<group>"; };
		386FBF60269BFFDF00F8A8BC /* Tutorial.swift */ = {isa = PBXFileReference; fileEncoding = 4; lastKnownFileType = sourcecode.swift; path = Tutorial.swift; sourceTree = "<group>"; };
		386FBF61269BFFDF00F8A8BC /* GradientModel.swift */ = {isa = PBXFileReference; fileEncoding = 4; lastKnownFileType = sourcecode.swift; path = GradientModel.swift; sourceTree = "<group>"; };
		386FBF62269BFFDF00F8A8BC /* Livestream.swift */ = {isa = PBXFileReference; fileEncoding = 4; lastKnownFileType = sourcecode.swift; path = Livestream.swift; sourceTree = "<group>"; };
		386FBF63269BFFE000F8A8BC /* LivestreamSection.swift */ = {isa = PBXFileReference; fileEncoding = 4; lastKnownFileType = sourcecode.swift; path = LivestreamSection.swift; sourceTree = "<group>"; };
		386FBF72269C02A300F8A8BC /* VisualEffectBlur.swift */ = {isa = PBXFileReference; fileEncoding = 4; lastKnownFileType = sourcecode.swift; path = VisualEffectBlur.swift; sourceTree = "<group>"; };
		386FBF74269C02B000F8A8BC /* VisualEffectBlur.swift */ = {isa = PBXFileReference; fileEncoding = 4; lastKnownFileType = sourcecode.swift; path = VisualEffectBlur.swift; sourceTree = "<group>"; };
		38922D4F26A28A4600DAA97C /* DesignCodeWidgetExtension.appex */ = {isa = PBXFileReference; explicitFileType = "wrapper.app-extension"; includeInIndex = 0; path = DesignCodeWidgetExtension.appex; sourceTree = BUILT_PRODUCTS_DIR; };
		38922D5126A28A4600DAA97C /* WidgetKit.framework */ = {isa = PBXFileReference; lastKnownFileType = wrapper.framework; name = WidgetKit.framework; path = System/Library/Frameworks/WidgetKit.framework; sourceTree = SDKROOT; };
		38922D5326A28A4600DAA97C /* SwiftUI.framework */ = {isa = PBXFileReference; lastKnownFileType = wrapper.framework; name = SwiftUI.framework; path = System/Library/Frameworks/SwiftUI.framework; sourceTree = SDKROOT; };
		38922D5626A28A4600DAA97C /* DesignCodeWidget.swift */ = {isa = PBXFileReference; lastKnownFileType = sourcecode.swift; path = DesignCodeWidget.swift; sourceTree = "<group>"; };
		38922D5826A28A4600DAA97C /* DesignCodeWidget.intentdefinition */ = {isa = PBXFileReference; lastKnownFileType = file.intentdefinition; path = DesignCodeWidget.intentdefinition; sourceTree = "<group>"; };
		38922D5926A28A4700DAA97C /* Assets.xcassets */ = {isa = PBXFileReference; lastKnownFileType = folder.assetcatalog; path = Assets.xcassets; sourceTree = "<group>"; };
		38922D5B26A28A4700DAA97C /* Info.plist */ = {isa = PBXFileReference; lastKnownFileType = text.plist.xml; path = Info.plist; sourceTree = "<group>"; };
		38B93796269A5EBA0036A609 /* CourseRow.swift */ = {isa = PBXFileReference; lastKnownFileType = sourcecode.swift; path = CourseRow.swift; sourceTree = "<group>"; };
		38B93799269A61AD0036A609 /* CoursesView.swift */ = {isa = PBXFileReference; lastKnownFileType = sourcecode.swift; path = CoursesView.swift; sourceTree = "<group>"; };
		38B9379C269A64040036A609 /* SideBar.swift */ = {isa = PBXFileReference; lastKnownFileType = sourcecode.swift; path = SideBar.swift; sourceTree = "<group>"; };
		38C8BFC1269BB1EA00616619 /* CourseItem.swift */ = {isa = PBXFileReference; lastKnownFileType = sourcecode.swift; path = CourseItem.swift; sourceTree = "<group>"; };
		38C8BFC6269BB36600616619 /* CourseList.swift */ = {isa = PBXFileReference; lastKnownFileType = sourcecode.swift; path = CourseList.swift; sourceTree = "<group>"; };
		38FF8BB7269A551E00B5D500 /* DesignCodeCourseApp.swift */ = {isa = PBXFileReference; lastKnownFileType = sourcecode.swift; path = DesignCodeCourseApp.swift; sourceTree = "<group>"; };
		38FF8BB8269A551E00B5D500 /* ContentView.swift */ = {isa = PBXFileReference; lastKnownFileType = sourcecode.swift; path = ContentView.swift; sourceTree = "<group>"; };
		38FF8BB9269A551F00B5D500 /* Assets.xcassets */ = {isa = PBXFileReference; lastKnownFileType = folder.assetcatalog; path = Assets.xcassets; sourceTree = "<group>"; };
		38FF8BBE269A551F00B5D500 /* DesignCodeCourse.app */ = {isa = PBXFileReference; explicitFileType = wrapper.application; includeInIndex = 0; path = DesignCodeCourse.app; sourceTree = BUILT_PRODUCTS_DIR; };
		38FF8BC1269A551F00B5D500 /* Info.plist */ = {isa = PBXFileReference; lastKnownFileType = text.plist.xml; path = Info.plist; sourceTree = "<group>"; };
		38FF8BC6269A551F00B5D500 /* DesignCodeCourse.app */ = {isa = PBXFileReference; explicitFileType = wrapper.application; includeInIndex = 0; path = DesignCodeCourse.app; sourceTree = BUILT_PRODUCTS_DIR; };
		38FF8BC8269A551F00B5D500 /* Info.plist */ = {isa = PBXFileReference; lastKnownFileType = text.plist.xml; path = Info.plist; sourceTree = "<group>"; };
		38FF8BC9269A551F00B5D500 /* macOS.entitlements */ = {isa = PBXFileReference; lastKnownFileType = text.plist.entitlements; path = macOS.entitlements; sourceTree = "<group>"; };
		38FF8BCE269A551F00B5D500 /* Tests iOS.xctest */ = {isa = PBXFileReference; explicitFileType = wrapper.cfbundle; includeInIndex = 0; path = "Tests iOS.xctest"; sourceTree = BUILT_PRODUCTS_DIR; };
		38FF8BD2269A551F00B5D500 /* Tests_iOS.swift */ = {isa = PBXFileReference; lastKnownFileType = sourcecode.swift; path = Tests_iOS.swift; sourceTree = "<group>"; };
		38FF8BD4269A551F00B5D500 /* Info.plist */ = {isa = PBXFileReference; lastKnownFileType = text.plist.xml; path = Info.plist; sourceTree = "<group>"; };
		38FF8BD9269A551F00B5D500 /* Tests macOS.xctest */ = {isa = PBXFileReference; explicitFileType = wrapper.cfbundle; includeInIndex = 0; path = "Tests macOS.xctest"; sourceTree = BUILT_PRODUCTS_DIR; };
		38FF8BDD269A551F00B5D500 /* Tests_macOS.swift */ = {isa = PBXFileReference; lastKnownFileType = sourcecode.swift; path = Tests_macOS.swift; sourceTree = "<group>"; };
		38FF8BDF269A551F00B5D500 /* Info.plist */ = {isa = PBXFileReference; lastKnownFileType = text.plist.xml; path = Info.plist; sourceTree = "<group>"; };
/* End PBXFileReference section */

/* Begin PBXFrameworksBuildPhase section */
		38922D4C26A28A4600DAA97C /* Frameworks */ = {
			isa = PBXFrameworksBuildPhase;
			buildActionMask = 2147483647;
			files = (
				38922D5426A28A4600DAA97C /* SwiftUI.framework in Frameworks */,
				38922D5226A28A4600DAA97C /* WidgetKit.framework in Frameworks */,
			);
			runOnlyForDeploymentPostprocessing = 0;
		};
		38FF8BBB269A551F00B5D500 /* Frameworks */ = {
			isa = PBXFrameworksBuildPhase;
			buildActionMask = 2147483647;
			files = (
			);
			runOnlyForDeploymentPostprocessing = 0;
		};
		38FF8BC3269A551F00B5D500 /* Frameworks */ = {
			isa = PBXFrameworksBuildPhase;
			buildActionMask = 2147483647;
			files = (
			);
			runOnlyForDeploymentPostprocessing = 0;
		};
		38FF8BCB269A551F00B5D500 /* Frameworks */ = {
			isa = PBXFrameworksBuildPhase;
			buildActionMask = 2147483647;
			files = (
			);
			runOnlyForDeploymentPostprocessing = 0;
		};
		38FF8BD6269A551F00B5D500 /* Frameworks */ = {
			isa = PBXFrameworksBuildPhase;
			buildActionMask = 2147483647;
			files = (
			);
			runOnlyForDeploymentPostprocessing = 0;
		};
/* End PBXFrameworksBuildPhase section */

/* Begin PBXGroup section */
		386FBF56269BBFBA00F8A8BC /* Model */ = {
			isa = PBXGroup;
			children = (
				386FBF53269BBBDF00F8A8BC /* Course.swift */,
				386FBF5F269BFFDF00F8A8BC /* CourseSection.swift */,
				386FBF5E269BFFDF00F8A8BC /* Download.swift */,
				386FBF61269BFFDF00F8A8BC /* GradientModel.swift */,
				386FBF62269BFFDF00F8A8BC /* Livestream.swift */,
				386FBF63269BFFE000F8A8BC /* LivestreamSection.swift */,
				386FBF60269BFFDF00F8A8BC /* Tutorial.swift */,
				386FBF5D269BFFDF00F8A8BC /* TutorialSection.swift */,
			);
			path = Model;
			sourceTree = "<group>";
		};
		38922D4A26A2896700DAA97C /* Library */ = {
			isa = PBXGroup;
			children = (
				386FBF57269BF7D200F8A8BC /* CloseButton.swift */,
				38557F5126A266E1004CAB3B /* LibraryContent.swift */,
			);
			path = Library;
			sourceTree = "<group>";
		};
		38922D5026A28A4600DAA97C /* Frameworks */ = {
			isa = PBXGroup;
			children = (
				38922D5126A28A4600DAA97C /* WidgetKit.framework */,
				38922D5326A28A4600DAA97C /* SwiftUI.framework */,
			);
			name = Frameworks;
			sourceTree = "<group>";
		};
		38922D5526A28A4600DAA97C /* DesignCodeWidget */ = {
			isa = PBXGroup;
			children = (
				38922D5626A28A4600DAA97C /* DesignCodeWidget.swift */,
				38922D5826A28A4600DAA97C /* DesignCodeWidget.intentdefinition */,
				38922D5926A28A4700DAA97C /* Assets.xcassets */,
				38922D5B26A28A4700DAA97C /* Info.plist */,
			);
			path = DesignCodeWidget;
			sourceTree = "<group>";
		};
		38C8BFC4269BB2DF00616619 /* Navigation */ = {
			isa = PBXGroup;
			children = (
				38FF8BB8269A551E00B5D500 /* ContentView.swift */,
				381EF550269CFC9C0018D231 /* TabBar.swift */,
				38B9379C269A64040036A609 /* SideBar.swift */,
			);
			path = Navigation;
			sourceTree = "<group>";
		};
		38C8BFC5269BB2F500616619 /* Items */ = {
			isa = PBXGroup;
			children = (
				38C8BFC1269BB1EA00616619 /* CourseItem.swift */,
				38B93796269A5EBA0036A609 /* CourseRow.swift */,
			);
			path = Items;
			sourceTree = "<group>";
		};
		38FF8BB1269A551E00B5D500 = {
			isa = PBXGroup;
			children = (
				38FF8BB6269A551E00B5D500 /* Shared */,
				38FF8BC0269A551F00B5D500 /* iOS */,
				38FF8BC7269A551F00B5D500 /* macOS */,
				38FF8BD1269A551F00B5D500 /* Tests iOS */,
				38FF8BDC269A551F00B5D500 /* Tests macOS */,
				38922D5526A28A4600DAA97C /* DesignCodeWidget */,
				38922D5026A28A4600DAA97C /* Frameworks */,
				38FF8BBF269A551F00B5D500 /* Products */,
			);
			sourceTree = "<group>";
		};
		38FF8BB6269A551E00B5D500 /* Shared */ = {
			isa = PBXGroup;
			children = (
				38FF8BB7269A551E00B5D500 /* DesignCodeCourseApp.swift */,
				38C8BFC4269BB2DF00616619 /* Navigation */,
				386FBF56269BBFBA00F8A8BC /* Model */,
				38C8BFC5269BB2F500616619 /* Items */,
				38922D4A26A2896700DAA97C /* Library */,
				38B93799269A61AD0036A609 /* CoursesView.swift */,
				386FBF5A269BFE5800F8A8BC /* CourseDetail.swift */,
				3867127E269D048B00700B15 /* CourseSectionDetail.swift */,
				38C8BFC6269BB36600616619 /* CourseList.swift */,
				38FF8BB9269A551F00B5D500 /* Assets.xcassets */,
			);
			path = Shared;
			sourceTree = "<group>";
		};
		38FF8BBF269A551F00B5D500 /* Products */ = {
			isa = PBXGroup;
			children = (
				38FF8BBE269A551F00B5D500 /* DesignCodeCourse.app */,
				38FF8BC6269A551F00B5D500 /* DesignCodeCourse.app */,
				38FF8BCE269A551F00B5D500 /* Tests iOS.xctest */,
				38FF8BD9269A551F00B5D500 /* Tests macOS.xctest */,
				38922D4F26A28A4600DAA97C /* DesignCodeWidgetExtension.appex */,
			);
			name = Products;
			sourceTree = "<group>";
		};
		38FF8BC0269A551F00B5D500 /* iOS */ = {
			isa = PBXGroup;
			children = (
				386FBF74269C02B000F8A8BC /* VisualEffectBlur.swift */,
				38FF8BC1269A551F00B5D500 /* Info.plist */,
			);
			path = iOS;
			sourceTree = "<group>";
		};
		38FF8BC7269A551F00B5D500 /* macOS */ = {
			isa = PBXGroup;
			children = (
				386FBF72269C02A300F8A8BC /* VisualEffectBlur.swift */,
				38FF8BC8269A551F00B5D500 /* Info.plist */,
				38FF8BC9269A551F00B5D500 /* macOS.entitlements */,
			);
			path = macOS;
			sourceTree = "<group>";
		};
		38FF8BD1269A551F00B5D500 /* Tests iOS */ = {
			isa = PBXGroup;
			children = (
				38FF8BD2269A551F00B5D500 /* Tests_iOS.swift */,
				38FF8BD4269A551F00B5D500 /* Info.plist */,
			);
			path = "Tests iOS";
			sourceTree = "<group>";
		};
		38FF8BDC269A551F00B5D500 /* Tests macOS */ = {
			isa = PBXGroup;
			children = (
				38FF8BDD269A551F00B5D500 /* Tests_macOS.swift */,
				38FF8BDF269A551F00B5D500 /* Info.plist */,
			);
			path = "Tests macOS";
			sourceTree = "<group>";
		};
/* End PBXGroup section */

/* Begin PBXNativeTarget section */
		38922D4E26A28A4600DAA97C /* DesignCodeWidgetExtension */ = {
			isa = PBXNativeTarget;
			buildConfigurationList = 38922D6126A28A4700DAA97C /* Build configuration list for PBXNativeTarget "DesignCodeWidgetExtension" */;
			buildPhases = (
				38922D4B26A28A4600DAA97C /* Sources */,
				38922D4C26A28A4600DAA97C /* Frameworks */,
				38922D4D26A28A4600DAA97C /* Resources */,
			);
			buildRules = (
			);
			dependencies = (
			);
			name = DesignCodeWidgetExtension;
			productName = DesignCodeWidgetExtension;
			productReference = 38922D4F26A28A4600DAA97C /* DesignCodeWidgetExtension.appex */;
			productType = "com.apple.product-type.app-extension";
		};
		38FF8BBD269A551F00B5D500 /* DesignCodeCourse (iOS) */ = {
			isa = PBXNativeTarget;
			buildConfigurationList = 38FF8BE8269A551F00B5D500 /* Build configuration list for PBXNativeTarget "DesignCodeCourse (iOS)" */;
			buildPhases = (
				38FF8BBA269A551F00B5D500 /* Sources */,
				38FF8BBB269A551F00B5D500 /* Frameworks */,
				38FF8BBC269A551F00B5D500 /* Resources */,
				38922D6426A28A4700DAA97C /* Embed App Extensions */,
			);
			buildRules = (
			);
			dependencies = (
				38922D5F26A28A4700DAA97C /* PBXTargetDependency */,
			);
			name = "DesignCodeCourse (iOS)";
			productName = "DesignCodeCourse (iOS)";
			productReference = 38FF8BBE269A551F00B5D500 /* DesignCodeCourse.app */;
			productType = "com.apple.product-type.application";
		};
		38FF8BC5269A551F00B5D500 /* DesignCodeCourse (macOS) */ = {
			isa = PBXNativeTarget;
			buildConfigurationList = 38FF8BEB269A551F00B5D500 /* Build configuration list for PBXNativeTarget "DesignCodeCourse (macOS)" */;
			buildPhases = (
				38FF8BC2269A551F00B5D500 /* Sources */,
				38FF8BC3269A551F00B5D500 /* Frameworks */,
				38FF8BC4269A551F00B5D500 /* Resources */,
			);
			buildRules = (
			);
			dependencies = (
			);
			name = "DesignCodeCourse (macOS)";
			productName = "DesignCodeCourse (macOS)";
			productReference = 38FF8BC6269A551F00B5D500 /* DesignCodeCourse.app */;
			productType = "com.apple.product-type.application";
		};
		38FF8BCD269A551F00B5D500 /* Tests iOS */ = {
			isa = PBXNativeTarget;
			buildConfigurationList = 38FF8BEE269A551F00B5D500 /* Build configuration list for PBXNativeTarget "Tests iOS" */;
			buildPhases = (
				38FF8BCA269A551F00B5D500 /* Sources */,
				38FF8BCB269A551F00B5D500 /* Frameworks */,
				38FF8BCC269A551F00B5D500 /* Resources */,
			);
			buildRules = (
			);
			dependencies = (
				38FF8BD0269A551F00B5D500 /* PBXTargetDependency */,
			);
			name = "Tests iOS";
			productName = "Tests iOS";
			productReference = 38FF8BCE269A551F00B5D500 /* Tests iOS.xctest */;
			productType = "com.apple.product-type.bundle.ui-testing";
		};
		38FF8BD8269A551F00B5D500 /* Tests macOS */ = {
			isa = PBXNativeTarget;
			buildConfigurationList = 38FF8BF1269A551F00B5D500 /* Build configuration list for PBXNativeTarget "Tests macOS" */;
			buildPhases = (
				38FF8BD5269A551F00B5D500 /* Sources */,
				38FF8BD6269A551F00B5D500 /* Frameworks */,
				38FF8BD7269A551F00B5D500 /* Resources */,
			);
			buildRules = (
			);
			dependencies = (
				38FF8BDB269A551F00B5D500 /* PBXTargetDependency */,
			);
			name = "Tests macOS";
			productName = "Tests macOS";
			productReference = 38FF8BD9269A551F00B5D500 /* Tests macOS.xctest */;
			productType = "com.apple.product-type.bundle.ui-testing";
		};
/* End PBXNativeTarget section */

/* Begin PBXProject section */
		38FF8BB2269A551E00B5D500 /* Project object */ = {
			isa = PBXProject;
			attributes = {
				LastSwiftUpdateCheck = 1250;
				LastUpgradeCheck = 1250;
				TargetAttributes = {
					38922D4E26A28A4600DAA97C = {
						CreatedOnToolsVersion = 12.5.1;
					};
					38FF8BBD269A551F00B5D500 = {
						CreatedOnToolsVersion = 12.5.1;
					};
					38FF8BC5269A551F00B5D500 = {
						CreatedOnToolsVersion = 12.5.1;
					};
					38FF8BCD269A551F00B5D500 = {
						CreatedOnToolsVersion = 12.5.1;
						TestTargetID = 38FF8BBD269A551F00B5D500;
					};
					38FF8BD8269A551F00B5D500 = {
						CreatedOnToolsVersion = 12.5.1;
						TestTargetID = 38FF8BC5269A551F00B5D500;
					};
				};
			};
			buildConfigurationList = 38FF8BB5269A551E00B5D500 /* Build configuration list for PBXProject "DesignCodeCourse" */;
			compatibilityVersion = "Xcode 9.3";
			developmentRegion = en;
			hasScannedForEncodings = 0;
			knownRegions = (
				en,
				Base,
			);
			mainGroup = 38FF8BB1269A551E00B5D500;
			productRefGroup = 38FF8BBF269A551F00B5D500 /* Products */;
			projectDirPath = "";
			projectRoot = "";
			targets = (
				38FF8BBD269A551F00B5D500 /* DesignCodeCourse (iOS) */,
				38FF8BC5269A551F00B5D500 /* DesignCodeCourse (macOS) */,
				38FF8BCD269A551F00B5D500 /* Tests iOS */,
				38FF8BD8269A551F00B5D500 /* Tests macOS */,
				38922D4E26A28A4600DAA97C /* DesignCodeWidgetExtension */,
			);
		};
/* End PBXProject section */

/* Begin PBXResourcesBuildPhase section */
		38922D4D26A28A4600DAA97C /* Resources */ = {
			isa = PBXResourcesBuildPhase;
			buildActionMask = 2147483647;
			files = (
				38922D6726A28DCC00DAA97C /* Assets.xcassets in Resources */,
				38922D5A26A28A4700DAA97C /* Assets.xcassets in Resources */,
			);
			runOnlyForDeploymentPostprocessing = 0;
		};
		38FF8BBC269A551F00B5D500 /* Resources */ = {
			isa = PBXResourcesBuildPhase;
			buildActionMask = 2147483647;
			files = (
				38FF8BE4269A551F00B5D500 /* Assets.xcassets in Resources */,
			);
			runOnlyForDeploymentPostprocessing = 0;
		};
		38FF8BC4269A551F00B5D500 /* Resources */ = {
			isa = PBXResourcesBuildPhase;
			buildActionMask = 2147483647;
			files = (
				38FF8BE5269A551F00B5D500 /* Assets.xcassets in Resources */,
			);
			runOnlyForDeploymentPostprocessing = 0;
		};
		38FF8BCC269A551F00B5D500 /* Resources */ = {
			isa = PBXResourcesBuildPhase;
			buildActionMask = 2147483647;
			files = (
			);
			runOnlyForDeploymentPostprocessing = 0;
		};
		38FF8BD7269A551F00B5D500 /* Resources */ = {
			isa = PBXResourcesBuildPhase;
			buildActionMask = 2147483647;
			files = (
			);
			runOnlyForDeploymentPostprocessing = 0;
		};
/* End PBXResourcesBuildPhase section */

/* Begin PBXSourcesBuildPhase section */
		38922D4B26A28A4600DAA97C /* Sources */ = {
			isa = PBXSourcesBuildPhase;
			buildActionMask = 2147483647;
			files = (
				38922D6626A28DBE00DAA97C /* CourseSection.swift in Sources */,
				38922D5726A28A4600DAA97C /* DesignCodeWidget.swift in Sources */,
				38922D6526A28DA400DAA97C /* CourseRow.swift in Sources */,
				38922D5C26A28A4700DAA97C /* DesignCodeWidget.intentdefinition in Sources */,
			);
			runOnlyForDeploymentPostprocessing = 0;
		};
		38FF8BBA269A551F00B5D500 /* Sources */ = {
			isa = PBXSourcesBuildPhase;
			buildActionMask = 2147483647;
			files = (
				386FBF54269BBBDF00F8A8BC /* Course.swift in Sources */,
				3867127F269D048B00700B15 /* CourseSectionDetail.swift in Sources */,
				386FBF64269BFFE000F8A8BC /* TutorialSection.swift in Sources */,
				381EF551269CFC9C0018D231 /* TabBar.swift in Sources */,
				38B9379D269A64040036A609 /* SideBar.swift in Sources */,
				38C8BFC2269BB1EA00616619 /* CourseItem.swift in Sources */,
				386FBF70269BFFE000F8A8BC /* LivestreamSection.swift in Sources */,
				386FBF5B269BFE5800F8A8BC /* CourseDetail.swift in Sources */,
				386FBF6A269BFFE000F8A8BC /* Tutorial.swift in Sources */,
				386FBF58269BF7D200F8A8BC /* CloseButton.swift in Sources */,
				386FBF6E269BFFE000F8A8BC /* Livestream.swift in Sources */,
				38FF8BE2269A551F00B5D500 /* ContentView.swift in Sources */,
				38B93797269A5EBA0036A609 /* CourseRow.swift in Sources */,
				38FF8BE0269A551F00B5D500 /* DesignCodeCourseApp.swift in Sources */,
				386FBF66269BFFE000F8A8BC /* Download.swift in Sources */,
				38922D5D26A28A4700DAA97C /* DesignCodeWidget.intentdefinition in Sources */,
				386FBF68269BFFE000F8A8BC /* CourseSection.swift in Sources */,
				38B9379A269A61AD0036A609 /* CoursesView.swift in Sources */,
				386FBF75269C02B000F8A8BC /* VisualEffectBlur.swift in Sources */,
				38C8BFC7269BB36600616619 /* CourseList.swift in Sources */,
				38557F5226A266E1004CAB3B /* LibraryContent.swift in Sources */,
				386FBF6C269BFFE000F8A8BC /* GradientModel.swift in Sources */,
			);
			runOnlyForDeploymentPostprocessing = 0;
		};
		38FF8BC2269A551F00B5D500 /* Sources */ = {
			isa = PBXSourcesBuildPhase;
			buildActionMask = 2147483647;
			files = (
				386FBF55269BBBDF00F8A8BC /* Course.swift in Sources */,
				386FBF65269BFFE000F8A8BC /* TutorialSection.swift in Sources */,
				38B9379E269A64040036A609 /* SideBar.swift in Sources */,
				38C8BFC3269BB1EA00616619 /* CourseItem.swift in Sources */,
				386FBF71269BFFE000F8A8BC /* LivestreamSection.swift in Sources */,
				386FBF5C269BFE5800F8A8BC /* CourseDetail.swift in Sources */,
				386FBF6B269BFFE000F8A8BC /* Tutorial.swift in Sources */,
				386FBF59269BF7D200F8A8BC /* CloseButton.swift in Sources */,
				38671280269D048B00700B15 /* CourseSectionDetail.swift in Sources */,
				386FBF6F269BFFE000F8A8BC /* Livestream.swift in Sources */,
				38FF8BE3269A551F00B5D500 /* ContentView.swift in Sources */,
				38B93798269A5EBA0036A609 /* CourseRow.swift in Sources */,
				38FF8BE1269A551F00B5D500 /* DesignCodeCourseApp.swift in Sources */,
				386FBF67269BFFE000F8A8BC /* Download.swift in Sources */,
				386FBF69269BFFE000F8A8BC /* CourseSection.swift in Sources */,
				38B9379B269A61AD0036A609 /* CoursesView.swift in Sources */,
				386FBF73269C02A300F8A8BC /* VisualEffectBlur.swift in Sources */,
				38C8BFC8269BB36600616619 /* CourseList.swift in Sources */,
				386FBF6D269BFFE000F8A8BC /* GradientModel.swift in Sources */,
				38557F5326A266E1004CAB3B /* LibraryContent.swift in Sources */,
			);
			runOnlyForDeploymentPostprocessing = 0;
		};
		38FF8BCA269A551F00B5D500 /* Sources */ = {
			isa = PBXSourcesBuildPhase;
			buildActionMask = 2147483647;
			files = (
				38FF8BD3269A551F00B5D500 /* Tests_iOS.swift in Sources */,
			);
			runOnlyForDeploymentPostprocessing = 0;
		};
		38FF8BD5269A551F00B5D500 /* Sources */ = {
			isa = PBXSourcesBuildPhase;
			buildActionMask = 2147483647;
			files = (
				38FF8BDE269A551F00B5D500 /* Tests_macOS.swift in Sources */,
			);
			runOnlyForDeploymentPostprocessing = 0;
		};
/* End PBXSourcesBuildPhase section */

/* Begin PBXTargetDependency section */
		38922D5F26A28A4700DAA97C /* PBXTargetDependency */ = {
			isa = PBXTargetDependency;
			target = 38922D4E26A28A4600DAA97C /* DesignCodeWidgetExtension */;
			targetProxy = 38922D5E26A28A4700DAA97C /* PBXContainerItemProxy */;
		};
		38FF8BD0269A551F00B5D500 /* PBXTargetDependency */ = {
			isa = PBXTargetDependency;
			target = 38FF8BBD269A551F00B5D500 /* DesignCodeCourse (iOS) */;
			targetProxy = 38FF8BCF269A551F00B5D500 /* PBXContainerItemProxy */;
		};
		38FF8BDB269A551F00B5D500 /* PBXTargetDependency */ = {
			isa = PBXTargetDependency;
			target = 38FF8BC5269A551F00B5D500 /* DesignCodeCourse (macOS) */;
			targetProxy = 38FF8BDA269A551F00B5D500 /* PBXContainerItemProxy */;
		};
/* End PBXTargetDependency section */

/* Begin XCBuildConfiguration section */
		38922D6226A28A4700DAA97C /* Debug */ = {
			isa = XCBuildConfiguration;
			buildSettings = {
				ASSETCATALOG_COMPILER_GLOBAL_ACCENT_COLOR_NAME = AccentColor;
				ASSETCATALOG_COMPILER_WIDGET_BACKGROUND_COLOR_NAME = WidgetBackground;
				CODE_SIGN_STYLE = Automatic;
				DEVELOPMENT_TEAM = U3DVJPKCSY;
				INFOPLIST_FILE = DesignCodeWidget/Info.plist;
				IPHONEOS_DEPLOYMENT_TARGET = 14.5;
				LD_RUNPATH_SEARCH_PATHS = (
					"$(inherited)",
					"@executable_path/Frameworks",
					"@executable_path/../../Frameworks",
				);
				PRODUCT_BUNDLE_IDENTIFIER = io.absk.DesignCodeCourse.DesignCodeWidget;
				PRODUCT_NAME = "$(TARGET_NAME)";
				SDKROOT = iphoneos;
				SKIP_INSTALL = YES;
				SWIFT_VERSION = 5.0;
				TARGETED_DEVICE_FAMILY = "1,2";
			};
			name = Debug;
		};
		38922D6326A28A4700DAA97C /* Release */ = {
			isa = XCBuildConfiguration;
			buildSettings = {
				ASSETCATALOG_COMPILER_GLOBAL_ACCENT_COLOR_NAME = AccentColor;
				ASSETCATALOG_COMPILER_WIDGET_BACKGROUND_COLOR_NAME = WidgetBackground;
				CODE_SIGN_STYLE = Automatic;
				DEVELOPMENT_TEAM = U3DVJPKCSY;
				INFOPLIST_FILE = DesignCodeWidget/Info.plist;
				IPHONEOS_DEPLOYMENT_TARGET = 14.5;
				LD_RUNPATH_SEARCH_PATHS = (
					"$(inherited)",
					"@executable_path/Frameworks",
					"@executable_path/../../Frameworks",
				);
				PRODUCT_BUNDLE_IDENTIFIER = io.absk.DesignCodeCourse.DesignCodeWidget;
				PRODUCT_NAME = "$(TARGET_NAME)";
				SDKROOT = iphoneos;
				SKIP_INSTALL = YES;
				SWIFT_VERSION = 5.0;
				TARGETED_DEVICE_FAMILY = "1,2";
				VALIDATE_PRODUCT = YES;
			};
			name = Release;
		};
		38FF8BE6269A551F00B5D500 /* Debug */ = {
			isa = XCBuildConfiguration;
			buildSettings = {
				ALWAYS_SEARCH_USER_PATHS = NO;
				CLANG_ANALYZER_NONNULL = YES;
				CLANG_ANALYZER_NUMBER_OBJECT_CONVERSION = YES_AGGRESSIVE;
				CLANG_CXX_LANGUAGE_STANDARD = "gnu++14";
				CLANG_CXX_LIBRARY = "libc++";
				CLANG_ENABLE_MODULES = YES;
				CLANG_ENABLE_OBJC_ARC = YES;
				CLANG_ENABLE_OBJC_WEAK = YES;
				CLANG_WARN_BLOCK_CAPTURE_AUTORELEASING = YES;
				CLANG_WARN_BOOL_CONVERSION = YES;
				CLANG_WARN_COMMA = YES;
				CLANG_WARN_CONSTANT_CONVERSION = YES;
				CLANG_WARN_DEPRECATED_OBJC_IMPLEMENTATIONS = YES;
				CLANG_WARN_DIRECT_OBJC_ISA_USAGE = YES_ERROR;
				CLANG_WARN_DOCUMENTATION_COMMENTS = YES;
				CLANG_WARN_EMPTY_BODY = YES;
				CLANG_WARN_ENUM_CONVERSION = YES;
				CLANG_WARN_INFINITE_RECURSION = YES;
				CLANG_WARN_INT_CONVERSION = YES;
				CLANG_WARN_NON_LITERAL_NULL_CONVERSION = YES;
				CLANG_WARN_OBJC_IMPLICIT_RETAIN_SELF = YES;
				CLANG_WARN_OBJC_LITERAL_CONVERSION = YES;
				CLANG_WARN_OBJC_ROOT_CLASS = YES_ERROR;
				CLANG_WARN_QUOTED_INCLUDE_IN_FRAMEWORK_HEADER = YES;
				CLANG_WARN_RANGE_LOOP_ANALYSIS = YES;
				CLANG_WARN_STRICT_PROTOTYPES = YES;
				CLANG_WARN_SUSPICIOUS_MOVE = YES;
				CLANG_WARN_UNGUARDED_AVAILABILITY = YES_AGGRESSIVE;
				CLANG_WARN_UNREACHABLE_CODE = YES;
				CLANG_WARN__DUPLICATE_METHOD_MATCH = YES;
				COPY_PHASE_STRIP = NO;
				DEBUG_INFORMATION_FORMAT = dwarf;
				ENABLE_STRICT_OBJC_MSGSEND = YES;
				ENABLE_TESTABILITY = YES;
				GCC_C_LANGUAGE_STANDARD = gnu11;
				GCC_DYNAMIC_NO_PIC = NO;
				GCC_NO_COMMON_BLOCKS = YES;
				GCC_OPTIMIZATION_LEVEL = 0;
				GCC_PREPROCESSOR_DEFINITIONS = (
					"DEBUG=1",
					"$(inherited)",
				);
				GCC_WARN_64_TO_32_BIT_CONVERSION = YES;
				GCC_WARN_ABOUT_RETURN_TYPE = YES_ERROR;
				GCC_WARN_UNDECLARED_SELECTOR = YES;
				GCC_WARN_UNINITIALIZED_AUTOS = YES_AGGRESSIVE;
				GCC_WARN_UNUSED_FUNCTION = YES;
				GCC_WARN_UNUSED_VARIABLE = YES;
				MTL_ENABLE_DEBUG_INFO = INCLUDE_SOURCE;
				MTL_FAST_MATH = YES;
				ONLY_ACTIVE_ARCH = YES;
				SWIFT_ACTIVE_COMPILATION_CONDITIONS = DEBUG;
				SWIFT_OPTIMIZATION_LEVEL = "-Onone";
			};
			name = Debug;
		};
		38FF8BE7269A551F00B5D500 /* Release */ = {
			isa = XCBuildConfiguration;
			buildSettings = {
				ALWAYS_SEARCH_USER_PATHS = NO;
				CLANG_ANALYZER_NONNULL = YES;
				CLANG_ANALYZER_NUMBER_OBJECT_CONVERSION = YES_AGGRESSIVE;
				CLANG_CXX_LANGUAGE_STANDARD = "gnu++14";
				CLANG_CXX_LIBRARY = "libc++";
				CLANG_ENABLE_MODULES = YES;
				CLANG_ENABLE_OBJC_ARC = YES;
				CLANG_ENABLE_OBJC_WEAK = YES;
				CLANG_WARN_BLOCK_CAPTURE_AUTORELEASING = YES;
				CLANG_WARN_BOOL_CONVERSION = YES;
				CLANG_WARN_COMMA = YES;
				CLANG_WARN_CONSTANT_CONVERSION = YES;
				CLANG_WARN_DEPRECATED_OBJC_IMPLEMENTATIONS = YES;
				CLANG_WARN_DIRECT_OBJC_ISA_USAGE = YES_ERROR;
				CLANG_WARN_DOCUMENTATION_COMMENTS = YES;
				CLANG_WARN_EMPTY_BODY = YES;
				CLANG_WARN_ENUM_CONVERSION = YES;
				CLANG_WARN_INFINITE_RECURSION = YES;
				CLANG_WARN_INT_CONVERSION = YES;
				CLANG_WARN_NON_LITERAL_NULL_CONVERSION = YES;
				CLANG_WARN_OBJC_IMPLICIT_RETAIN_SELF = YES;
				CLANG_WARN_OBJC_LITERAL_CONVERSION = YES;
				CLANG_WARN_OBJC_ROOT_CLASS = YES_ERROR;
				CLANG_WARN_QUOTED_INCLUDE_IN_FRAMEWORK_HEADER = YES;
				CLANG_WARN_RANGE_LOOP_ANALYSIS = YES;
				CLANG_WARN_STRICT_PROTOTYPES = YES;
				CLANG_WARN_SUSPICIOUS_MOVE = YES;
				CLANG_WARN_UNGUARDED_AVAILABILITY = YES_AGGRESSIVE;
				CLANG_WARN_UNREACHABLE_CODE = YES;
				CLANG_WARN__DUPLICATE_METHOD_MATCH = YES;
				COPY_PHASE_STRIP = NO;
				DEBUG_INFORMATION_FORMAT = "dwarf-with-dsym";
				ENABLE_NS_ASSERTIONS = NO;
				ENABLE_STRICT_OBJC_MSGSEND = YES;
				GCC_C_LANGUAGE_STANDARD = gnu11;
				GCC_NO_COMMON_BLOCKS = YES;
				GCC_WARN_64_TO_32_BIT_CONVERSION = YES;
				GCC_WARN_ABOUT_RETURN_TYPE = YES_ERROR;
				GCC_WARN_UNDECLARED_SELECTOR = YES;
				GCC_WARN_UNINITIALIZED_AUTOS = YES_AGGRESSIVE;
				GCC_WARN_UNUSED_FUNCTION = YES;
				GCC_WARN_UNUSED_VARIABLE = YES;
				MTL_ENABLE_DEBUG_INFO = NO;
				MTL_FAST_MATH = YES;
				SWIFT_COMPILATION_MODE = wholemodule;
				SWIFT_OPTIMIZATION_LEVEL = "-O";
			};
			name = Release;
		};
		38FF8BE9269A551F00B5D500 /* Debug */ = {
			isa = XCBuildConfiguration;
			buildSettings = {
				ALWAYS_EMBED_SWIFT_STANDARD_LIBRARIES = YES;
				ASSETCATALOG_COMPILER_APPICON_NAME = AppIcon;
				ASSETCATALOG_COMPILER_GLOBAL_ACCENT_COLOR_NAME = AccentColor;
				CODE_SIGN_STYLE = Automatic;
				DEVELOPMENT_TEAM = U3DVJPKCSY;
				ENABLE_PREVIEWS = YES;
				INFOPLIST_FILE = iOS/Info.plist;
				IPHONEOS_DEPLOYMENT_TARGET = 14.0;
				LD_RUNPATH_SEARCH_PATHS = (
					"$(inherited)",
					"@executable_path/Frameworks",
				);
				PRODUCT_BUNDLE_IDENTIFIER = io.absk.DesignCodeCourse;
				PRODUCT_NAME = DesignCodeCourse;
				SDKROOT = iphoneos;
				SWIFT_VERSION = 5.0;
				TARGETED_DEVICE_FAMILY = "1,2";
			};
			name = Debug;
		};
		38FF8BEA269A551F00B5D500 /* Release */ = {
			isa = XCBuildConfiguration;
			buildSettings = {
				ALWAYS_EMBED_SWIFT_STANDARD_LIBRARIES = YES;
				ASSETCATALOG_COMPILER_APPICON_NAME = AppIcon;
				ASSETCATALOG_COMPILER_GLOBAL_ACCENT_COLOR_NAME = AccentColor;
				CODE_SIGN_STYLE = Automatic;
				DEVELOPMENT_TEAM = U3DVJPKCSY;
				ENABLE_PREVIEWS = YES;
				INFOPLIST_FILE = iOS/Info.plist;
				IPHONEOS_DEPLOYMENT_TARGET = 14.0;
				LD_RUNPATH_SEARCH_PATHS = (
					"$(inherited)",
					"@executable_path/Frameworks",
				);
				PRODUCT_BUNDLE_IDENTIFIER = io.absk.DesignCodeCourse;
				PRODUCT_NAME = DesignCodeCourse;
				SDKROOT = iphoneos;
				SWIFT_VERSION = 5.0;
				TARGETED_DEVICE_FAMILY = "1,2";
				VALIDATE_PRODUCT = YES;
			};
			name = Release;
		};
		38FF8BEC269A551F00B5D500 /* Debug */ = {
			isa = XCBuildConfiguration;
			buildSettings = {
				ASSETCATALOG_COMPILER_APPICON_NAME = AppIcon;
				ASSETCATALOG_COMPILER_GLOBAL_ACCENT_COLOR_NAME = AccentColor;
				CODE_SIGN_ENTITLEMENTS = macOS/macOS.entitlements;
				CODE_SIGN_STYLE = Automatic;
				COMBINE_HIDPI_IMAGES = YES;
				DEVELOPMENT_TEAM = U3DVJPKCSY;
				ENABLE_HARDENED_RUNTIME = YES;
				ENABLE_PREVIEWS = YES;
				INFOPLIST_FILE = macOS/Info.plist;
				LD_RUNPATH_SEARCH_PATHS = (
					"$(inherited)",
					"@executable_path/../Frameworks",
				);
				MACOSX_DEPLOYMENT_TARGET = 11.0;
				PRODUCT_BUNDLE_IDENTIFIER = io.absk.DesignCodeCourse;
				PRODUCT_NAME = DesignCodeCourse;
				SDKROOT = macosx;
				SWIFT_VERSION = 5.0;
			};
			name = Debug;
		};
		38FF8BED269A551F00B5D500 /* Release */ = {
			isa = XCBuildConfiguration;
			buildSettings = {
				ASSETCATALOG_COMPILER_APPICON_NAME = AppIcon;
				ASSETCATALOG_COMPILER_GLOBAL_ACCENT_COLOR_NAME = AccentColor;
				CODE_SIGN_ENTITLEMENTS = macOS/macOS.entitlements;
				CODE_SIGN_STYLE = Automatic;
				COMBINE_HIDPI_IMAGES = YES;
				DEVELOPMENT_TEAM = U3DVJPKCSY;
				ENABLE_HARDENED_RUNTIME = YES;
				ENABLE_PREVIEWS = YES;
				INFOPLIST_FILE = macOS/Info.plist;
				LD_RUNPATH_SEARCH_PATHS = (
					"$(inherited)",
					"@executable_path/../Frameworks",
				);
				MACOSX_DEPLOYMENT_TARGET = 11.0;
				PRODUCT_BUNDLE_IDENTIFIER = io.absk.DesignCodeCourse;
				PRODUCT_NAME = DesignCodeCourse;
				SDKROOT = macosx;
				SWIFT_VERSION = 5.0;
			};
			name = Release;
		};
		38FF8BEF269A551F00B5D500 /* Debug */ = {
			isa = XCBuildConfiguration;
			buildSettings = {
				ALWAYS_EMBED_SWIFT_STANDARD_LIBRARIES = YES;
				CODE_SIGN_STYLE = Automatic;
				DEVELOPMENT_TEAM = U3DVJPKCSY;
				INFOPLIST_FILE = "Tests iOS/Info.plist";
				IPHONEOS_DEPLOYMENT_TARGET = 14.5;
				LD_RUNPATH_SEARCH_PATHS = (
					"$(inherited)",
					"@executable_path/Frameworks",
					"@loader_path/Frameworks",
				);
				PRODUCT_BUNDLE_IDENTIFIER = "io.absk.Tests-iOS";
				PRODUCT_NAME = "$(TARGET_NAME)";
				SDKROOT = iphoneos;
				SWIFT_VERSION = 5.0;
				TARGETED_DEVICE_FAMILY = "1,2";
				TEST_TARGET_NAME = "DesignCodeCourse (iOS)";
			};
			name = Debug;
		};
		38FF8BF0269A551F00B5D500 /* Release */ = {
			isa = XCBuildConfiguration;
			buildSettings = {
				ALWAYS_EMBED_SWIFT_STANDARD_LIBRARIES = YES;
				CODE_SIGN_STYLE = Automatic;
				DEVELOPMENT_TEAM = U3DVJPKCSY;
				INFOPLIST_FILE = "Tests iOS/Info.plist";
				IPHONEOS_DEPLOYMENT_TARGET = 14.5;
				LD_RUNPATH_SEARCH_PATHS = (
					"$(inherited)",
					"@executable_path/Frameworks",
					"@loader_path/Frameworks",
				);
				PRODUCT_BUNDLE_IDENTIFIER = "io.absk.Tests-iOS";
				PRODUCT_NAME = "$(TARGET_NAME)";
				SDKROOT = iphoneos;
				SWIFT_VERSION = 5.0;
				TARGETED_DEVICE_FAMILY = "1,2";
				TEST_TARGET_NAME = "DesignCodeCourse (iOS)";
				VALIDATE_PRODUCT = YES;
			};
			name = Release;
		};
		38FF8BF2269A551F00B5D500 /* Debug */ = {
			isa = XCBuildConfiguration;
			buildSettings = {
				ALWAYS_EMBED_SWIFT_STANDARD_LIBRARIES = YES;
				CODE_SIGN_STYLE = Automatic;
				COMBINE_HIDPI_IMAGES = YES;
				DEVELOPMENT_TEAM = U3DVJPKCSY;
				INFOPLIST_FILE = "Tests macOS/Info.plist";
				LD_RUNPATH_SEARCH_PATHS = (
					"$(inherited)",
					"@executable_path/../Frameworks",
					"@loader_path/../Frameworks",
				);
				MACOSX_DEPLOYMENT_TARGET = 11.3;
				PRODUCT_BUNDLE_IDENTIFIER = "io.absk.Tests-macOS";
				PRODUCT_NAME = "$(TARGET_NAME)";
				SDKROOT = macosx;
				SWIFT_VERSION = 5.0;
				TEST_TARGET_NAME = "DesignCodeCourse (macOS)";
			};
			name = Debug;
		};
		38FF8BF3269A551F00B5D500 /* Release */ = {
			isa = XCBuildConfiguration;
			buildSettings = {
				ALWAYS_EMBED_SWIFT_STANDARD_LIBRARIES = YES;
				CODE_SIGN_STYLE = Automatic;
				COMBINE_HIDPI_IMAGES = YES;
				DEVELOPMENT_TEAM = U3DVJPKCSY;
				INFOPLIST_FILE = "Tests macOS/Info.plist";
				LD_RUNPATH_SEARCH_PATHS = (
					"$(inherited)",
					"@executable_path/../Frameworks",
					"@loader_path/../Frameworks",
				);
				MACOSX_DEPLOYMENT_TARGET = 11.3;
				PRODUCT_BUNDLE_IDENTIFIER = "io.absk.Tests-macOS";
				PRODUCT_NAME = "$(TARGET_NAME)";
				SDKROOT = macosx;
				SWIFT_VERSION = 5.0;
				TEST_TARGET_NAME = "DesignCodeCourse (macOS)";
			};
			name = Release;
		};
/* End XCBuildConfiguration section */

/* Begin XCConfigurationList section */
		38922D6126A28A4700DAA97C /* Build configuration list for PBXNativeTarget "DesignCodeWidgetExtension" */ = {
			isa = XCConfigurationList;
			buildConfigurations = (
				38922D6226A28A4700DAA97C /* Debug */,
				38922D6326A28A4700DAA97C /* Release */,
			);
			defaultConfigurationIsVisible = 0;
			defaultConfigurationName = Release;
		};
		38FF8BB5269A551E00B5D500 /* Build configuration list for PBXProject "DesignCodeCourse" */ = {
			isa = XCConfigurationList;
			buildConfigurations = (
				38FF8BE6269A551F00B5D500 /* Debug */,
				38FF8BE7269A551F00B5D500 /* Release */,
			);
			defaultConfigurationIsVisible = 0;
			defaultConfigurationName = Release;
		};
		38FF8BE8269A551F00B5D500 /* Build configuration list for PBXNativeTarget "DesignCodeCourse (iOS)" */ = {
			isa = XCConfigurationList;
			buildConfigurations = (
				38FF8BE9269A551F00B5D500 /* Debug */,
				38FF8BEA269A551F00B5D500 /* Release */,
			);
			defaultConfigurationIsVisible = 0;
			defaultConfigurationName = Release;
		};
		38FF8BEB269A551F00B5D500 /* Build configuration list for PBXNativeTarget "DesignCodeCourse (macOS)" */ = {
			isa = XCConfigurationList;
			buildConfigurations = (
				38FF8BEC269A551F00B5D500 /* Debug */,
				38FF8BED269A551F00B5D500 /* Release */,
			);
			defaultConfigurationIsVisible = 0;
			defaultConfigurationName = Release;
		};
		38FF8BEE269A551F00B5D500 /* Build configuration list for PBXNativeTarget "Tests iOS" */ = {
			isa = XCConfigurationList;
			buildConfigurations = (
				38FF8BEF269A551F00B5D500 /* Debug */,
				38FF8BF0269A551F00B5D500 /* Release */,
			);
			defaultConfigurationIsVisible = 0;
			defaultConfigurationName = Release;
		};
		38FF8BF1269A551F00B5D500 /* Build configuration list for PBXNativeTarget "Tests macOS" */ = {
			isa = XCConfigurationList;
			buildConfigurations = (
				38FF8BF2269A551F00B5D500 /* Debug */,
				38FF8BF3269A551F00B5D500 /* Release */,
			);
			defaultConfigurationIsVisible = 0;
			defaultConfigurationName = Release;
		};
/* End XCConfigurationList section */
	};
	rootObject = 38FF8BB2269A551E00B5D500 /* Project object */;
}
